
Microsoft Visual Studio Solution File, Format Version 12.00
# Visual Studio 15
VisualStudioVersion = 15.0.28010.2026
MinimumVisualStudioVersion = 10.0.40219.1
Project("{8BC9CEB8-8B4A-11D0-8D11-00A0C91BC942}") = "StormLib", "storm-lib\StormLib_vs15.vcxproj", "{78424708-1F6E-4D4B-920C-FB6D26847055}"
EndProject
Project("{888888A0-9F3D-457C-B088-3A5042F75D52}") = "model", "model\model.pyproj", "{3DE31B07-0A98-4EFB-A0C5-872F2836AD52}"
EndProject
Global
	GlobalSection(SolutionConfigurationPlatforms) = preSolution
		Debug|Any CPU = Debug|Any CPU
		Debug|x64 = Debug|x64
		Debug|x86 = Debug|x86
		DebugAD|Any CPU = DebugAD|Any CPU
		DebugAD|x64 = DebugAD|x64
		DebugAD|x86 = DebugAD|x86
		DebugAS|Any CPU = DebugAS|Any CPU
		DebugAS|x64 = DebugAS|x64
		DebugAS|x86 = DebugAS|x86
		DebugUD|Any CPU = DebugUD|Any CPU
		DebugUD|x64 = DebugUD|x64
		DebugUD|x86 = DebugUD|x86
		DebugUS|Any CPU = DebugUS|Any CPU
		DebugUS|x64 = DebugUS|x64
		DebugUS|x86 = DebugUS|x86
		Release|Any CPU = Release|Any CPU
		Release|x64 = Release|x64
		Release|x86 = Release|x86
		ReleaseAD|Any CPU = ReleaseAD|Any CPU
		ReleaseAD|x64 = ReleaseAD|x64
		ReleaseAD|x86 = ReleaseAD|x86
		ReleaseAS|Any CPU = ReleaseAS|Any CPU
		ReleaseAS|x64 = ReleaseAS|x64
		ReleaseAS|x86 = ReleaseAS|x86
		ReleaseUD|Any CPU = ReleaseUD|Any CPU
		ReleaseUD|x64 = ReleaseUD|x64
		ReleaseUD|x86 = ReleaseUD|x86
		ReleaseUS|Any CPU = ReleaseUS|Any CPU
		ReleaseUS|x64 = ReleaseUS|x64
		ReleaseUS|x86 = ReleaseUS|x86
	EndGlobalSection
	GlobalSection(ProjectConfigurationPlatforms) = postSolution
		{78424708-1F6E-4D4B-920C-FB6D26847055}.Debug|Any CPU.ActiveCfg = ReleaseUS|Win32
		{78424708-1F6E-4D4B-920C-FB6D26847055}.Debug|Any CPU.Build.0 = ReleaseUS|Win32
		{78424708-1F6E-4D4B-920C-FB6D26847055}.Debug|x64.ActiveCfg = DebugUS|x64
		{78424708-1F6E-4D4B-920C-FB6D26847055}.Debug|x64.Build.0 = DebugUS|x64
		{78424708-1F6E-4D4B-920C-FB6D26847055}.Debug|x86.ActiveCfg = DebugUS|Win32
		{78424708-1F6E-4D4B-920C-FB6D26847055}.Debug|x86.Build.0 = DebugUS|Win32
		{78424708-1F6E-4D4B-920C-FB6D26847055}.DebugAD|Any CPU.ActiveCfg = DebugAD|Win32
		{78424708-1F6E-4D4B-920C-FB6D26847055}.DebugAD|x64.ActiveCfg = DebugAD|x64
		{78424708-1F6E-4D4B-920C-FB6D26847055}.DebugAD|x64.Build.0 = DebugAD|x64
		{78424708-1F6E-4D4B-920C-FB6D26847055}.DebugAD|x86.ActiveCfg = DebugAD|Win32
		{78424708-1F6E-4D4B-920C-FB6D26847055}.DebugAD|x86.Build.0 = DebugAD|Win32
		{78424708-1F6E-4D4B-920C-FB6D26847055}.DebugAS|Any CPU.ActiveCfg = DebugAS|Win32
		{78424708-1F6E-4D4B-920C-FB6D26847055}.DebugAS|x64.ActiveCfg = DebugAS|x64
		{78424708-1F6E-4D4B-920C-FB6D26847055}.DebugAS|x64.Build.0 = DebugAS|x64
		{78424708-1F6E-4D4B-920C-FB6D26847055}.DebugAS|x86.ActiveCfg = DebugAS|Win32
		{78424708-1F6E-4D4B-920C-FB6D26847055}.DebugAS|x86.Build.0 = DebugAS|Win32
		{78424708-1F6E-4D4B-920C-FB6D26847055}.DebugUD|Any CPU.ActiveCfg = DebugUD|Win32
		{78424708-1F6E-4D4B-920C-FB6D26847055}.DebugUD|x64.ActiveCfg = DebugUD|x64
		{78424708-1F6E-4D4B-920C-FB6D26847055}.DebugUD|x64.Build.0 = DebugUD|x64
		{78424708-1F6E-4D4B-920C-FB6D26847055}.DebugUD|x86.ActiveCfg = DebugUD|Win32
		{78424708-1F6E-4D4B-920C-FB6D26847055}.DebugUD|x86.Build.0 = DebugUD|Win32
		{78424708-1F6E-4D4B-920C-FB6D26847055}.DebugUS|Any CPU.ActiveCfg = DebugUS|Win32
		{78424708-1F6E-4D4B-920C-FB6D26847055}.DebugUS|x64.ActiveCfg = DebugUS|x64
		{78424708-1F6E-4D4B-920C-FB6D26847055}.DebugUS|x64.Build.0 = DebugUS|x64
		{78424708-1F6E-4D4B-920C-FB6D26847055}.DebugUS|x86.ActiveCfg = DebugUS|Win32
		{78424708-1F6E-4D4B-920C-FB6D26847055}.DebugUS|x86.Build.0 = DebugUS|Win32
		{78424708-1F6E-4D4B-920C-FB6D26847055}.Release|Any CPU.ActiveCfg = ReleaseUS|Win32
		{78424708-1F6E-4D4B-920C-FB6D26847055}.Release|Any CPU.Build.0 = ReleaseUS|Win32
		{78424708-1F6E-4D4B-920C-FB6D26847055}.Release|x64.ActiveCfg = ReleaseUS|x64
		{78424708-1F6E-4D4B-920C-FB6D26847055}.Release|x64.Build.0 = ReleaseUS|x64
		{78424708-1F6E-4D4B-920C-FB6D26847055}.Release|x86.ActiveCfg = ReleaseUS|Win32
		{78424708-1F6E-4D4B-920C-FB6D26847055}.Release|x86.Build.0 = ReleaseUS|Win32
		{78424708-1F6E-4D4B-920C-FB6D26847055}.ReleaseAD|Any CPU.ActiveCfg = ReleaseAD|Win32
		{78424708-1F6E-4D4B-920C-FB6D26847055}.ReleaseAD|x64.ActiveCfg = ReleaseAD|x64
		{78424708-1F6E-4D4B-920C-FB6D26847055}.ReleaseAD|x64.Build.0 = ReleaseAD|x64
		{78424708-1F6E-4D4B-920C-FB6D26847055}.ReleaseAD|x86.ActiveCfg = ReleaseAD|Win32
		{78424708-1F6E-4D4B-920C-FB6D26847055}.ReleaseAD|x86.Build.0 = ReleaseAD|Win32
		{78424708-1F6E-4D4B-920C-FB6D26847055}.ReleaseAS|Any CPU.ActiveCfg = ReleaseAS|Win32
		{78424708-1F6E-4D4B-920C-FB6D26847055}.ReleaseAS|x64.ActiveCfg = ReleaseAS|x64
		{78424708-1F6E-4D4B-920C-FB6D26847055}.ReleaseAS|x64.Build.0 = ReleaseAS|x64
		{78424708-1F6E-4D4B-920C-FB6D26847055}.ReleaseAS|x86.ActiveCfg = ReleaseAS|Win32
		{78424708-1F6E-4D4B-920C-FB6D26847055}.ReleaseAS|x86.Build.0 = ReleaseAS|Win32
		{78424708-1F6E-4D4B-920C-FB6D26847055}.ReleaseUD|Any CPU.ActiveCfg = ReleaseUD|Win32
		{78424708-1F6E-4D4B-920C-FB6D26847055}.ReleaseUD|x64.ActiveCfg = ReleaseUD|x64
		{78424708-1F6E-4D4B-920C-FB6D26847055}.ReleaseUD|x64.Build.0 = ReleaseUD|x64
		{78424708-1F6E-4D4B-920C-FB6D26847055}.ReleaseUD|x86.ActiveCfg = ReleaseUD|Win32
		{78424708-1F6E-4D4B-920C-FB6D26847055}.ReleaseUD|x86.Build.0 = ReleaseUD|Win32
		{78424708-1F6E-4D4B-920C-FB6D26847055}.ReleaseUS|Any CPU.ActiveCfg = ReleaseUS|Win32
		{78424708-1F6E-4D4B-920C-FB6D26847055}.ReleaseUS|x64.ActiveCfg = ReleaseUS|x64
		{78424708-1F6E-4D4B-920C-FB6D26847055}.ReleaseUS|x64.Build.0 = ReleaseUS|x64
		{78424708-1F6E-4D4B-920C-FB6D26847055}.ReleaseUS|x86.ActiveCfg = ReleaseUS|Win32
		{78424708-1F6E-4D4B-920C-FB6D26847055}.ReleaseUS|x86.Build.0 = ReleaseUS|Win32
		{3DE31B07-0A98-4EFB-A0C5-872F2836AD52}.Debug|Any CPU.ActiveCfg = Debug|Any CPU
		{3DE31B07-0A98-4EFB-A0C5-872F2836AD52}.Debug|x64.ActiveCfg = Debug|Any CPU
		{3DE31B07-0A98-4EFB-A0C5-872F2836AD52}.Debug|x86.ActiveCfg = Debug|Any CPU
		{3DE31B07-0A98-4EFB-A0C5-872F2836AD52}.DebugAD|Any CPU.ActiveCfg = Debug|Any CPU
		{3DE31B07-0A98-4EFB-A0C5-872F2836AD52}.DebugAD|x64.ActiveCfg = Debug|Any CPU
		{3DE31B07-0A98-4EFB-A0C5-872F2836AD52}.DebugAD|x86.ActiveCfg = Debug|Any CPU
		{3DE31B07-0A98-4EFB-A0C5-872F2836AD52}.DebugAS|Any CPU.ActiveCfg = Debug|Any CPU
		{3DE31B07-0A98-4EFB-A0C5-872F2836AD52}.DebugAS|x64.ActiveCfg = Debug|Any CPU
		{3DE31B07-0A98-4EFB-A0C5-872F2836AD52}.DebugAS|x86.ActiveCfg = Debug|Any CPU
		{3DE31B07-0A98-4EFB-A0C5-872F2836AD52}.DebugUD|Any CPU.ActiveCfg = Debug|Any CPU
		{3DE31B07-0A98-4EFB-A0C5-872F2836AD52}.DebugUD|x64.ActiveCfg = Debug|Any CPU
		{3DE31B07-0A98-4EFB-A0C5-872F2836AD52}.DebugUD|x86.ActiveCfg = Debug|Any CPU
		{3DE31B07-0A98-4EFB-A0C5-872F2836AD52}.DebugUS|Any CPU.ActiveCfg = Debug|Any CPU
		{3DE31B07-0A98-4EFB-A0C5-872F2836AD52}.DebugUS|x64.ActiveCfg = Debug|Any CPU
		{3DE31B07-0A98-4EFB-A0C5-872F2836AD52}.DebugUS|x86.ActiveCfg = Debug|Any CPU
		{3DE31B07-0A98-4EFB-A0C5-872F2836AD52}.Release|Any CPU.ActiveCfg = Release|Any CPU
		{3DE31B07-0A98-4EFB-A0C5-872F2836AD52}.Release|x64.ActiveCfg = Release|Any CPU
		{3DE31B07-0A98-4EFB-A0C5-872F2836AD52}.Release|x86.ActiveCfg = Release|Any CPU
		{3DE31B07-0A98-4EFB-A0C5-872F2836AD52}.ReleaseAD|Any CPU.ActiveCfg = Release|Any CPU
		{3DE31B07-0A98-4EFB-A0C5-872F2836AD52}.ReleaseAD|x64.ActiveCfg = Release|Any CPU
		{3DE31B07-0A98-4EFB-A0C5-872F2836AD52}.ReleaseAD|x86.ActiveCfg = Release|Any CPU
		{3DE31B07-0A98-4EFB-A0C5-872F2836AD52}.ReleaseAS|Any CPU.ActiveCfg = Release|Any CPU
		{3DE31B07-0A98-4EFB-A0C5-872F2836AD52}.ReleaseAS|x64.ActiveCfg = Release|Any CPU
		{3DE31B07-0A98-4EFB-A0C5-872F2836AD52}.ReleaseAS|x86.ActiveCfg = Release|Any CPU
		{3DE31B07-0A98-4EFB-A0C5-872F2836AD52}.ReleaseUD|Any CPU.ActiveCfg = Release|Any CPU
		{3DE31B07-0A98-4EFB-A0C5-872F2836AD52}.ReleaseUD|x64.ActiveCfg = Release|Any CPU
		{3DE31B07-0A98-4EFB-A0C5-872F2836AD52}.ReleaseUD|x86.ActiveCfg = Release|Any CPU
		{3DE31B07-0A98-4EFB-A0C5-872F2836AD52}.ReleaseUS|Any CPU.ActiveCfg = Release|Any CPU
		{3DE31B07-0A98-4EFB-A0C5-872F2836AD52}.ReleaseUS|x64.ActiveCfg = Release|Any CPU
		{3DE31B07-0A98-4EFB-A0C5-872F2836AD52}.ReleaseUS|x86.ActiveCfg = Release|Any CPU
	EndGlobalSection
	GlobalSection(SolutionProperties) = preSolution
		HideSolutionNode = FALSE
	EndGlobalSection
	GlobalSection(ExtensibilityGlobals) = postSolution
		SolutionGuid = {92E19DC2-F7DA-4ACA-B690-F141A79E54DA}
	EndGlobalSection
EndGlobal
